
Microsoft Visual Studio Solution File, Format Version 12.00
Project("{FAE04EC0-301F-11D3-BF4B-00C04F79EFBC}") = "CoderamaInterview", "CoderamaInterview\CoderamaInterview.csproj", "{72C8962C-0193-4190-8E92-CF22831CE84A}"
EndProject
Project("{FAE04EC0-301F-11D3-BF4B-00C04F79EFBC}") = "CoderamaInterviewTests", "CoderamaInterviewTests\CoderamaInterviewTests.csproj", "{036DF736-9911-477D-84E3-34F91B9DBB04}"
EndProject
Global
	GlobalSection(SolutionConfigurationPlatforms) = preSolution
		Debug|Any CPU = Debug|Any CPU
		Release|Any CPU = Release|Any CPU
	EndGlobalSection
	GlobalSection(ProjectConfigurationPlatforms) = postSolution
		{72C8962C-0193-4190-8E92-CF22831CE84A}.Debug|Any CPU.ActiveCfg = Debug|Any CPU
		{72C8962C-0193-4190-8E92-CF22831CE84A}.Debug|Any CPU.Build.0 = Debug|Any CPU
		{72C8962C-0193-4190-8E92-CF22831CE84A}.Release|Any CPU.ActiveCfg = Release|Any CPU
		{72C8962C-0193-4190-8E92-CF22831CE84A}.Release|Any CPU.Build.0 = Release|Any CPU
		{036DF736-9911-477D-84E3-34F91B9DBB04}.Debug|Any CPU.ActiveCfg = Debug|Any CPU
		{036DF736-9911-477D-84E3-34F91B9DBB04}.Debug|Any CPU.Build.0 = Debug|Any CPU
		{036DF736-9911-477D-84E3-34F91B9DBB04}.Release|Any CPU.ActiveCfg = Release|Any CPU
		{036DF736-9911-477D-84E3-34F91B9DBB04}.Release|Any CPU.Build.0 = Release|Any CPU
	EndGlobalSection
EndGlobal
